
Microsoft Visual Studio Solution File, Format Version 12.00
# Visual Studio Version 16
VisualStudioVersion = 16.0.30011.22
MinimumVisualStudioVersion = 10.0.40219.1
Project("{2150E333-8FDC-42A3-9474-1A3956D46DE8}") = "src", "src", "{291C6E16-5EF6-4649-A687-2806336A3D99}"
EndProject
Project("{2150E333-8FDC-42A3-9474-1A3956D46DE8}") = "tests", "tests", "{C5054900-B3E3-4EA6-97F7-DB7DF5EBDA1A}"
EndProject
Project("{9A19103F-16F7-4668-BE54-9A1E7A4F7556}") = "Investec.OpenBanking.RestClient", "src\Investec.OpenBanking.RestClient\Investec.OpenBanking.RestClient.csproj", "{7EFB83F8-D0A1-4EF1-87A8-3061CC108B62}"
EndProject
Project("{9A19103F-16F7-4668-BE54-9A1E7A4F7556}") = "IntegrationTests", "tests\IntegrationTests\IntegrationTests.csproj", "{9C67BDF0-BDA4-4865-81CF-362F34FFA977}"
EndProject
Project("{2150E333-8FDC-42A3-9474-1A3956D46DE8}") = "examples", "examples", "{4BE684D9-6D8A-4D7A-9024-D50CCB9D62C5}"
EndProject
Project("{FAE04EC0-301F-11D3-BF4B-00C04F79EFBC}") = "Polling.Example.Func", "examples\Polling.Example.Func\Polling.Example.Func.csproj", "{AD5F36D0-5027-4486-9B13-06F3926C68E3}"
EndProject
Project("{FAE04EC0-301F-11D3-BF4B-00C04F79EFBC}") = "MicrosoftGraph.RestClient", "examples\MicrosoftGraph.RestClient\MicrosoftGraph.RestClient.csproj", "{C54C12BD-A0CF-4662-9457-3714A40CCDD0}"
EndProject
Global
	GlobalSection(SolutionConfigurationPlatforms) = preSolution
		Debug|Any CPU = Debug|Any CPU
		Release|Any CPU = Release|Any CPU
	EndGlobalSection
	GlobalSection(ProjectConfigurationPlatforms) = postSolution
		{7EFB83F8-D0A1-4EF1-87A8-3061CC108B62}.Debug|Any CPU.ActiveCfg = Debug|Any CPU
		{7EFB83F8-D0A1-4EF1-87A8-3061CC108B62}.Debug|Any CPU.Build.0 = Debug|Any CPU
		{7EFB83F8-D0A1-4EF1-87A8-3061CC108B62}.Release|Any CPU.ActiveCfg = Release|Any CPU
		{7EFB83F8-D0A1-4EF1-87A8-3061CC108B62}.Release|Any CPU.Build.0 = Release|Any CPU
		{9C67BDF0-BDA4-4865-81CF-362F34FFA977}.Debug|Any CPU.ActiveCfg = Debug|Any CPU
		{9C67BDF0-BDA4-4865-81CF-362F34FFA977}.Debug|Any CPU.Build.0 = Debug|Any CPU
		{9C67BDF0-BDA4-4865-81CF-362F34FFA977}.Release|Any CPU.ActiveCfg = Release|Any CPU
		{9C67BDF0-BDA4-4865-81CF-362F34FFA977}.Release|Any CPU.Build.0 = Release|Any CPU
		{AD5F36D0-5027-4486-9B13-06F3926C68E3}.Debug|Any CPU.ActiveCfg = Debug|Any CPU
		{AD5F36D0-5027-4486-9B13-06F3926C68E3}.Debug|Any CPU.Build.0 = Debug|Any CPU
		{AD5F36D0-5027-4486-9B13-06F3926C68E3}.Release|Any CPU.ActiveCfg = Release|Any CPU
		{AD5F36D0-5027-4486-9B13-06F3926C68E3}.Release|Any CPU.Build.0 = Release|Any CPU
		{C54C12BD-A0CF-4662-9457-3714A40CCDD0}.Debug|Any CPU.ActiveCfg = Debug|Any CPU
		{C54C12BD-A0CF-4662-9457-3714A40CCDD0}.Debug|Any CPU.Build.0 = Debug|Any CPU
		{C54C12BD-A0CF-4662-9457-3714A40CCDD0}.Release|Any CPU.ActiveCfg = Release|Any CPU
		{C54C12BD-A0CF-4662-9457-3714A40CCDD0}.Release|Any CPU.Build.0 = Release|Any CPU
	EndGlobalSection
	GlobalSection(SolutionProperties) = preSolution
		HideSolutionNode = FALSE
	EndGlobalSection
	GlobalSection(NestedProjects) = preSolution
		{7EFB83F8-D0A1-4EF1-87A8-3061CC108B62} = {291C6E16-5EF6-4649-A687-2806336A3D99}
		{9C67BDF0-BDA4-4865-81CF-362F34FFA977} = {C5054900-B3E3-4EA6-97F7-DB7DF5EBDA1A}
		{AD5F36D0-5027-4486-9B13-06F3926C68E3} = {4BE684D9-6D8A-4D7A-9024-D50CCB9D62C5}
		{C54C12BD-A0CF-4662-9457-3714A40CCDD0} = {4BE684D9-6D8A-4D7A-9024-D50CCB9D62C5}
	EndGlobalSection
	GlobalSection(ExtensibilityGlobals) = postSolution
		SolutionGuid = {79E46EC4-2584-45BB-BF5A-58D6DE6D2912}
	EndGlobalSection
EndGlobal
